
Microsoft Visual Studio Solution File, Format Version 12.00
# Visual Studio Version 16
VisualStudioVersion = 16.0.29102.190
MinimumVisualStudioVersion = 10.0.40219.1
Project("{FAE04EC0-301F-11D3-BF4B-00C04F79EFBC}") = "practica6", "practica6\practica6.csproj", "{3C71E09E-B30D-4564-93CE-415301AAEDBF}"
EndProject
Global
	GlobalSection(SolutionConfigurationPlatforms) = preSolution
		Debug|Any CPU = Debug|Any CPU
		Release|Any CPU = Release|Any CPU
	EndGlobalSection
	GlobalSection(ProjectConfigurationPlatforms) = postSolution
		{3C71E09E-B30D-4564-93CE-415301AAEDBF}.Debug|Any CPU.ActiveCfg = Debug|Any CPU
		{3C71E09E-B30D-4564-93CE-415301AAEDBF}.Debug|Any CPU.Build.0 = Debug|Any CPU
		{3C71E09E-B30D-4564-93CE-415301AAEDBF}.Release|Any CPU.ActiveCfg = Release|Any CPU
		{3C71E09E-B30D-4564-93CE-415301AAEDBF}.Release|Any CPU.Build.0 = Release|Any CPU
	EndGlobalSection
	GlobalSection(SolutionProperties) = preSolution
		HideSolutionNode = FALSE
	EndGlobalSection
	GlobalSection(ExtensibilityGlobals) = postSolution
		SolutionGuid = {927E530F-9A7E-4E97-B886-FB95292D2DA1}
	EndGlobalSection
EndGlobal
